
Microsoft Visual Studio Solution File, Format Version 12.00
# Visual Studio Version 17
VisualStudioVersion = 17.2.32505.173
MinimumVisualStudioVersion = 10.0.40219.1
Project("{9A19103F-16F7-4668-BE54-9A1E7A4F7556}") = "BattleshipNaval", "Src\BattleshipNaval\BattleshipNaval.csproj", "{3CC3A945-ADF8-4BBD-B8F9-D0C25C5E9464}"
EndProject
Project("{FAE04EC0-301F-11D3-BF4B-00C04F79EFBC}") = "BattleshipNaval.Tests", "Tests\BattleshipNaval.Tests\BattleshipNaval.Tests.csproj", "{9DE1405A-DBA5-420B-9976-9D6C6B0EA768}"
EndProject
Global
	GlobalSection(SolutionConfigurationPlatforms) = preSolution
		Debug|Any CPU = Debug|Any CPU
		Release|Any CPU = Release|Any CPU
	EndGlobalSection
	GlobalSection(ProjectConfigurationPlatforms) = postSolution
		{3CC3A945-ADF8-4BBD-B8F9-D0C25C5E9464}.Debug|Any CPU.ActiveCfg = Debug|Any CPU
		{3CC3A945-ADF8-4BBD-B8F9-D0C25C5E9464}.Debug|Any CPU.Build.0 = Debug|Any CPU
		{3CC3A945-ADF8-4BBD-B8F9-D0C25C5E9464}.Release|Any CPU.ActiveCfg = Release|Any CPU
		{3CC3A945-ADF8-4BBD-B8F9-D0C25C5E9464}.Release|Any CPU.Build.0 = Release|Any CPU
		{9DE1405A-DBA5-420B-9976-9D6C6B0EA768}.Debug|Any CPU.ActiveCfg = Debug|Any CPU
		{9DE1405A-DBA5-420B-9976-9D6C6B0EA768}.Debug|Any CPU.Build.0 = Debug|Any CPU
		{9DE1405A-DBA5-420B-9976-9D6C6B0EA768}.Release|Any CPU.ActiveCfg = Release|Any CPU
		{9DE1405A-DBA5-420B-9976-9D6C6B0EA768}.Release|Any CPU.Build.0 = Release|Any CPU
	EndGlobalSection
	GlobalSection(SolutionProperties) = preSolution
		HideSolutionNode = FALSE
	EndGlobalSection
	GlobalSection(ExtensibilityGlobals) = postSolution
		SolutionGuid = {A7E1CE89-44C1-4386-95F9-A204A8553705}
	EndGlobalSection
EndGlobal
